
Microsoft Visual Studio Solution File, Format Version 12.00
# Visual Studio 15
VisualStudioVersion = 15.0.28307.2017
MinimumVisualStudioVersion = 10.0.40219.1
Project("{FAE04EC0-301F-11D3-BF4B-00C04F79EFBC}") = "PhanVinhPhuc_Alephon_Assignment", "PhanVinhPhuc_Alephon_Assignment\PhanVinhPhuc_Alephon_Assignment.csproj", "{09EABFE8-B00A-47D5-9447-5CFF150A339A}"
EndProject
Global
	GlobalSection(SolutionConfigurationPlatforms) = preSolution
		Debug|Any CPU = Debug|Any CPU
		Release|Any CPU = Release|Any CPU
	EndGlobalSection
	GlobalSection(ProjectConfigurationPlatforms) = postSolution
		{09EABFE8-B00A-47D5-9447-5CFF150A339A}.Debug|Any CPU.ActiveCfg = Debug|Any CPU
		{09EABFE8-B00A-47D5-9447-5CFF150A339A}.Debug|Any CPU.Build.0 = Debug|Any CPU
		{09EABFE8-B00A-47D5-9447-5CFF150A339A}.Release|Any CPU.ActiveCfg = Release|Any CPU
		{09EABFE8-B00A-47D5-9447-5CFF150A339A}.Release|Any CPU.Build.0 = Release|Any CPU
	EndGlobalSection
	GlobalSection(SolutionProperties) = preSolution
		HideSolutionNode = FALSE
	EndGlobalSection
	GlobalSection(ExtensibilityGlobals) = postSolution
		SolutionGuid = {D446E2C9-36FC-4069-A3FD-0969A8B3A1E2}
	EndGlobalSection
EndGlobal
